
Microsoft Visual Studio Solution File, Format Version 12.00
# Visual Studio 15
VisualStudioVersion = 15.0.26403.7
MinimumVisualStudioVersion = 10.0.40219.1
Project("{FAE04EC0-301F-11D3-BF4B-00C04F79EFBC}") = "RAC", "RAC\RAC.csproj", "{AF0B3CAF-791B-446F-9EAB-040AF4DD1174}"
EndProject
Project("{FAE04EC0-301F-11D3-BF4B-00C04F79EFBC}") = "RAC.DAL", "RAC.DAL\RAC.DAL.csproj", "{B3A548B6-86BB-4D9E-9978-8B09679BADF3}"
EndProject
Project("{FAE04EC0-301F-11D3-BF4B-00C04F79EFBC}") = "RAC.BLL", "RAC.BLL\RAC.BLL.csproj", "{AA9DAE9E-A290-4565-934B-EB339B5FD001}"
EndProject
Global
	GlobalSection(SolutionConfigurationPlatforms) = preSolution
		Debug|Any CPU = Debug|Any CPU
		Release|Any CPU = Release|Any CPU
	EndGlobalSection
	GlobalSection(ProjectConfigurationPlatforms) = postSolution
		{AF0B3CAF-791B-446F-9EAB-040AF4DD1174}.Debug|Any CPU.ActiveCfg = Debug|Any CPU
		{AF0B3CAF-791B-446F-9EAB-040AF4DD1174}.Debug|Any CPU.Build.0 = Debug|Any CPU
		{AF0B3CAF-791B-446F-9EAB-040AF4DD1174}.Release|Any CPU.ActiveCfg = Release|Any CPU
		{AF0B3CAF-791B-446F-9EAB-040AF4DD1174}.Release|Any CPU.Build.0 = Release|Any CPU
		{B3A548B6-86BB-4D9E-9978-8B09679BADF3}.Debug|Any CPU.ActiveCfg = Debug|Any CPU
		{B3A548B6-86BB-4D9E-9978-8B09679BADF3}.Debug|Any CPU.Build.0 = Debug|Any CPU
		{B3A548B6-86BB-4D9E-9978-8B09679BADF3}.Release|Any CPU.ActiveCfg = Release|Any CPU
		{B3A548B6-86BB-4D9E-9978-8B09679BADF3}.Release|Any CPU.Build.0 = Release|Any CPU
		{AA9DAE9E-A290-4565-934B-EB339B5FD001}.Debug|Any CPU.ActiveCfg = Debug|Any CPU
		{AA9DAE9E-A290-4565-934B-EB339B5FD001}.Debug|Any CPU.Build.0 = Debug|Any CPU
		{AA9DAE9E-A290-4565-934B-EB339B5FD001}.Release|Any CPU.ActiveCfg = Release|Any CPU
		{AA9DAE9E-A290-4565-934B-EB339B5FD001}.Release|Any CPU.Build.0 = Release|Any CPU
	EndGlobalSection
	GlobalSection(SolutionProperties) = preSolution
		HideSolutionNode = FALSE
	EndGlobalSection
EndGlobal
